// !$*UTF8*$!
{
	archiveVersion = 1;
	classes = {
	};
	objectVersion = 56;
	objects = {

/* Begin PBXBuildFile section */
		EB40BCD72A0A9B7000EF1D3F /* AppDelegate.swift in Sources */ = {isa = PBXBuildFile; fileRef = EB40BCD62A0A9B7000EF1D3F /* AppDelegate.swift */; };
		EB40BCD92A0A9B7000EF1D3F /* SceneDelegate.swift in Sources */ = {isa = PBXBuildFile; fileRef = EB40BCD82A0A9B7000EF1D3F /* SceneDelegate.swift */; };
		EB40BCDB2A0A9B7000EF1D3F /* ViewController.swift in Sources */ = {isa = PBXBuildFile; fileRef = EB40BCDA2A0A9B7000EF1D3F /* ViewController.swift */; };
		EB40BCDE2A0A9B7000EF1D3F /* Main.storyboard in Resources */ = {isa = PBXBuildFile; fileRef = EB40BCDC2A0A9B7000EF1D3F /* Main.storyboard */; };
		EB40BCE02A0A9B7200EF1D3F /* Assets.xcassets in Resources */ = {isa = PBXBuildFile; fileRef = EB40BCDF2A0A9B7200EF1D3F /* Assets.xcassets */; };
		EB40BCE32A0A9B7200EF1D3F /* LaunchScreen.storyboard in Resources */ = {isa = PBXBuildFile; fileRef = EB40BCE12A0A9B7200EF1D3F /* LaunchScreen.storyboard */; };
/* End PBXBuildFile section */

/* Begin PBXFileReference section */
		EB40BCD32A0A9B7000EF1D3F /* GuessMyNumber.app */ = {isa = PBXFileReference; explicitFileType = wrapper.application; includeInIndex = 0; path = GuessMyNumber.app; sourceTree = BUILT_PRODUCTS_DIR; };
		EB40BCD62A0A9B7000EF1D3F /* AppDelegate.swift */ = {isa = PBXFileReference; lastKnownFileType = sourcecode.swift; path = AppDelegate.swift; sourceTree = "<group>"; };
		EB40BCD82A0A9B7000EF1D3F /* SceneDelegate.swift */ = {isa = PBXFileReference; lastKnownFileType = sourcecode.swift; path = SceneDelegate.swift; sourceTree = "<group>"; };
		EB40BCDA2A0A9B7000EF1D3F /* ViewController.swift */ = {isa = PBXFileReference; lastKnownFileType = sourcecode.swift; path = ViewController.swift; sourceTree = "<group>"; };
		EB40BCDD2A0A9B7000EF1D3F /* Base */ = {isa = PBXFileReference; lastKnownFileType = file.storyboard; name = Base; path = Base.lproj/Main.storyboard; sourceTree = "<group>"; };
		EB40BCDF2A0A9B7200EF1D3F /* Assets.xcassets */ = {isa = PBXFileReference; lastKnownFileType = folder.assetcatalog; path = Assets.xcassets; sourceTree = "<group>"; };
		EB40BCE22A0A9B7200EF1D3F /* Base */ = {isa = PBXFileReference; lastKnownFileType = file.storyboard; name = Base; path = Base.lproj/LaunchScreen.storyboard; sourceTree = "<group>"; };
		EB40BCE42A0A9B7200EF1D3F /* Info.plist */ = {isa = PBXFileReference; lastKnownFileType = text.plist.xml; path = Info.plist; sourceTree = "<group>"; };
		EBC17C542A8ACBB70016CFC6 /* README.md */ = {isa = PBXFileReference; lastKnownFileType = net.daringfireball.markdown; name = README.md; path = ../../../Downloads/README.md; sourceTree = "<group>"; };
/* End PBXFileReference section */

/* Begin PBXFrameworksBuildPhase section */
		EB40BCD02A0A9B7000EF1D3F /* Frameworks */ = {
			isa = PBXFrameworksBuildPhase;
			buildActionMask = 2147483647;
			files = (
			);
			runOnlyForDeploymentPostprocessing = 0;
		};
/* End PBXFrameworksBuildPhase section */

/* Begin PBXGroup section */
		EB40BCCA2A0A9B7000EF1D3F = {
			isa = PBXGroup;
			children = (
				EBC17C542A8ACBB70016CFC6 /* README.md */,
				EB40BCD52A0A9B7000EF1D3F /* GuessMyNumber */,
				EB40BCD42A0A9B7000EF1D3F /* Products */,
			);
			sourceTree = "<group>";
		};
		EB40BCD42A0A9B7000EF1D3F /* Products */ = {
			isa = PBXGroup;
			children = (
				EB40BCD32A0A9B7000EF1D3F /* GuessMyNumber.app */,
			);
			name = Products;
			sourceTree = "<group>";
		};
		EB40BCD52A0A9B7000EF1D3F /* GuessMyNumber */ = {
			isa = PBXGroup;
			children = (
				EB40BCD62A0A9B7000EF1D3F /* AppDelegate.swift */,
				EB40BCD82A0A9B7000EF1D3F /* SceneDelegate.swift */,
				EB40BCDA2A0A9B7000EF1D3F /* ViewController.swift */,
				EB40BCDC2A0A9B7000EF1D3F /* Main.storyboard */,
				EB40BCDF2A0A9B7200EF1D3F /* Assets.xcassets */,
				EB40BCE12A0A9B7200EF1D3F /* LaunchScreen.storyboard */,
				EB40BCE42A0A9B7200EF1D3F /* Info.plist */,
			);
			path = GuessMyNumber;
			sourceTree = "<group>";
		};
/* End PBXGroup section */

/* Begin PBXNativeTarget section */
		EB40BCD22A0A9B7000EF1D3F /* GuessMyNumber */ = {
			isa = PBXNativeTarget;
			buildConfigurationList = EB40BCE72A0A9B7200EF1D3F /* Build configuration list for PBXNativeTarget "GuessMyNumber" */;
			buildPhases = (
				EB40BCCF2A0A9B7000EF1D3F /* Sources */,
				EB40BCD02A0A9B7000EF1D3F /* Frameworks */,
				EB40BCD12A0A9B7000EF1D3F /* Resources */,
			);
			buildRules = (
			);
			dependencies = (
			);
			name = GuessMyNumber;
			productName = GuessMyNumber;
			productReference = EB40BCD32A0A9B7000EF1D3F /* GuessMyNumber.app */;
			productType = "com.apple.product-type.application";
		};
/* End PBXNativeTarget section */

/* Begin PBXProject section */
		EB40BCCB2A0A9B7000EF1D3F /* Project object */ = {
			isa = PBXProject;
			attributes = {
				BuildIndependentTargetsInParallel = 1;
				LastSwiftUpdateCheck = 1430;
				LastUpgradeCheck = 1430;
				TargetAttributes = {
					EB40BCD22A0A9B7000EF1D3F = {
						CreatedOnToolsVersion = 14.3;
					};
				};
			};
			buildConfigurationList = EB40BCCE2A0A9B7000EF1D3F /* Build configuration list for PBXProject "GuessMyNumber" */;
			compatibilityVersion = "Xcode 14.0";
			developmentRegion = en;
			hasScannedForEncodings = 0;
			knownRegions = (
				en,
				Base,
			);
			mainGroup = EB40BCCA2A0A9B7000EF1D3F;
			productRefGroup = EB40BCD42A0A9B7000EF1D3F /* Products */;
			projectDirPath = "";
			projectRoot = "";
			targets = (
				EB40BCD22A0A9B7000EF1D3F /* GuessMyNumber */,
			);
		};
/* End PBXProject section */

/* Begin PBXResourcesBuildPhase section */
		EB40BCD12A0A9B7000EF1D3F /* Resources */ = {
			isa = PBXResourcesBuildPhase;
			buildActionMask = 2147483647;
			files = (
				EB40BCE32A0A9B7200EF1D3F /* LaunchScreen.storyboard in Resources */,
				EB40BCE02A0A9B7200EF1D3F /* Assets.xcassets in Resources */,
				EB40BCDE2A0A9B7000EF1D3F /* Main.storyboard in Resources */,
			);
			runOnlyForDeploymentPostprocessing = 0;
		};
/* End PBXResourcesBuildPhase section */

/* Begin PBXSourcesBuildPhase section */
		EB40BCCF2A0A9B7000EF1D3F /* Sources */ = {
			isa = PBXSourcesBuildPhase;
			buildActionMask = 2147483647;
			files = (
				EB40BCDB2A0A9B7000EF1D3F /* ViewController.swift in Sources */,
				EB40BCD72A0A9B7000EF1D3F /* AppDelegate.swift in Sources */,
				EB40BCD92A0A9B7000EF1D3F /* SceneDelegate.swift in Sources */,
			);
			runOnlyForDeploymentPostprocessing = 0;
		};
/* End PBXSourcesBuildPhase section */

/* Begin PBXVariantGroup section */
		EB40BCDC2A0A9B7000EF1D3F /* Main.storyboard */ = {
			isa = PBXVariantGroup;
			children = (
				EB40BCDD2A0A9B7000EF1D3F /* Base */,
			);
			name = Main.storyboard;
			sourceTree = "<group>";
		};
		EB40BCE12A0A9B7200EF1D3F /* LaunchScreen.storyboard */ = {
			isa = PBXVariantGroup;
			children = (
				EB40BCE22A0A9B7200EF1D3F /* Base */,
			);
			name = LaunchScreen.storyboard;
			sourceTree = "<group>";
		};
/* End PBXVariantGroup section */

/* Begin XCBuildConfiguration section */
		EB40BCE52A0A9B7200EF1D3F /* Debug */ = {
			isa = XCBuildConfiguration;
			buildSettings = {
				ALWAYS_SEARCH_USER_PATHS = NO;
				CLANG_ANALYZER_NONNULL = YES;
				CLANG_ANALYZER_NUMBER_OBJECT_CONVERSION = YES_AGGRESSIVE;
				CLANG_CXX_LANGUAGE_STANDARD = "gnu++20";
				CLANG_ENABLE_MODULES = YES;
				CLANG_ENABLE_OBJC_ARC = YES;
				CLANG_ENABLE_OBJC_WEAK = YES;
				CLANG_WARN_BLOCK_CAPTURE_AUTORELEASING = YES;
				CLANG_WARN_BOOL_CONVERSION = YES;
				CLANG_WARN_COMMA = YES;
				CLANG_WARN_CONSTANT_CONVERSION = YES;
				CLANG_WARN_DEPRECATED_OBJC_IMPLEMENTATIONS = YES;
				CLANG_WARN_DIRECT_OBJC_ISA_USAGE = YES_ERROR;
				CLANG_WARN_DOCUMENTATION_COMMENTS = YES;
				CLANG_WARN_EMPTY_BODY = YES;
				CLANG_WARN_ENUM_CONVERSION = YES;
				CLANG_WARN_INFINITE_RECURSION = YES;
				CLANG_WARN_INT_CONVERSION = YES;
				CLANG_WARN_NON_LITERAL_NULL_CONVERSION = YES;
				CLANG_WARN_OBJC_IMPLICIT_RETAIN_SELF = YES;
				CLANG_WARN_OBJC_LITERAL_CONVERSION = YES;
				CLANG_WARN_OBJC_ROOT_CLASS = YES_ERROR;
				CLANG_WARN_QUOTED_INCLUDE_IN_FRAMEWORK_HEADER = YES;
				CLANG_WARN_RANGE_LOOP_ANALYSIS = YES;
				CLANG_WARN_STRICT_PROTOTYPES = YES;
				CLANG_WARN_SUSPICIOUS_MOVE = YES;
				CLANG_WARN_UNGUARDED_AVAILABILITY = YES_AGGRESSIVE;
				CLANG_WARN_UNREACHABLE_CODE = YES;
				CLANG_WARN__DUPLICATE_METHOD_MATCH = YES;
				COPY_PHASE_STRIP = NO;
				DEBUG_INFORMATION_FORMAT = dwarf;
				ENABLE_STRICT_OBJC_MSGSEND = YES;
				ENABLE_TESTABILITY = YES;
				GCC_C_LANGUAGE_STANDARD = gnu11;
				GCC_DYNAMIC_NO_PIC = NO;
				GCC_NO_COMMON_BLOCKS = YES;
				GCC_OPTIMIZATION_LEVEL = 0;
				GCC_PREPROCESSOR_DEFINITIONS = (
					"DEBUG=1",
					"$(inherited)",
				);
				GCC_WARN_64_TO_32_BIT_CONVERSION = YES;
				GCC_WARN_ABOUT_RETURN_TYPE = YES_ERROR;
				GCC_WARN_UNDECLARED_SELECTOR = YES;
				GCC_WARN_UNINITIALIZED_AUTOS = YES_AGGRESSIVE;
				GCC_WARN_UNUSED_FUNCTION = YES;
				GCC_WARN_UNUSED_VARIABLE = YES;
				IPHONEOS_DEPLOYMENT_TARGET = 16.4;
				MTL_ENABLE_DEBUG_INFO = INCLUDE_SOURCE;
				MTL_FAST_MATH = YES;
				ONLY_ACTIVE_ARCH = YES;
				SDKROOT = iphoneos;
				SWIFT_ACTIVE_COMPILATION_CONDITIONS = DEBUG;
				SWIFT_OPTIMIZATION_LEVEL = "-Onone";
			};
			name = Debug;
		};
		EB40BCE62A0A9B7200EF1D3F /* Release */ = {
			isa = XCBuildConfiguration;
			buildSettings = {
				ALWAYS_SEARCH_USER_PATHS = NO;
				CLANG_ANALYZER_NONNULL = YES;
				CLANG_ANALYZER_NUMBER_OBJECT_CONVERSION = YES_AGGRESSIVE;
				CLANG_CXX_LANGUAGE_STANDARD = "gnu++20";
				CLANG_ENABLE_MODULES = YES;
				CLANG_ENABLE_OBJC_ARC = YES;
				CLANG_ENABLE_OBJC_WEAK = YES;
				CLANG_WARN_BLOCK_CAPTURE_AUTORELEASING = YES;
				CLANG_WARN_BOOL_CONVERSION = YES;
				CLANG_WARN_COMMA = YES;
				CLANG_WARN_CONSTANT_CONVERSION = YES;
				CLANG_WARN_DEPRECATED_OBJC_IMPLEMENTATIONS = YES;
				CLANG_WARN_DIRECT_OBJC_ISA_USAGE = YES_ERROR;
				CLANG_WARN_DOCUMENTATION_COMMENTS = YES;
				CLANG_WARN_EMPTY_BODY = YES;
				CLANG_WARN_ENUM_CONVERSION = YES;
				CLANG_WARN_INFINITE_RECURSION = YES;
				CLANG_WARN_INT_CONVERSION = YES;
				CLANG_WARN_NON_LITERAL_NULL_CONVERSION = YES;
				CLANG_WARN_OBJC_IMPLICIT_RETAIN_SELF = YES;
				CLANG_WARN_OBJC_LITERAL_CONVERSION = YES;
				CLANG_WARN_OBJC_ROOT_CLASS = YES_ERROR;
				CLANG_WARN_QUOTED_INCLUDE_IN_FRAMEWORK_HEADER = YES;
				CLANG_WARN_RANGE_LOOP_ANALYSIS = YES;
				CLANG_WARN_STRICT_PROTOTYPES = YES;
				CLANG_WARN_SUSPICIOUS_MOVE = YES;
				CLANG_WARN_UNGUARDED_AVAILABILITY = YES_AGGRESSIVE;
				CLANG_WARN_UNREACHABLE_CODE = YES;
				CLANG_WARN__DUPLICATE_METHOD_MATCH = YES;
				COPY_PHASE_STRIP = NO;
				DEBUG_INFORMATION_FORMAT = "dwarf-with-dsym";
				ENABLE_NS_ASSERTIONS = NO;
				ENABLE_STRICT_OBJC_MSGSEND = YES;
				GCC_C_LANGUAGE_STANDARD = gnu11;
				GCC_NO_COMMON_BLOCKS = YES;
				GCC_WARN_64_TO_32_BIT_CONVERSION = YES;
				GCC_WARN_ABOUT_RETURN_TYPE = YES_ERROR;
				GCC_WARN_UNDECLARED_SELECTOR = YES;
				GCC_WARN_UNINITIALIZED_AUTOS = YES_AGGRESSIVE;
				GCC_WARN_UNUSED_FUNCTION = YES;
				GCC_WARN_UNUSED_VARIABLE = YES;
				IPHONEOS_DEPLOYMENT_TARGET = 16.4;
				MTL_ENABLE_DEBUG_INFO = NO;
				MTL_FAST_MATH = YES;
				SDKROOT = iphoneos;
				SWIFT_COMPILATION_MODE = wholemodule;
				SWIFT_OPTIMIZATION_LEVEL = "-O";
				VALIDATE_PRODUCT = YES;
			};
			name = Release;
		};
		EB40BCE82A0A9B7200EF1D3F /* Debug */ = {
			isa = XCBuildConfiguration;
			buildSettings = {
				ASSETCATALOG_COMPILER_APPICON_NAME = AppIcon;
				ASSETCATALOG_COMPILER_GLOBAL_ACCENT_COLOR_NAME = AccentColor;
				CODE_SIGN_STYLE = Automatic;
				CURRENT_PROJECT_VERSION = 1;
				DEVELOPMENT_TEAM = UG5BZ46HRW;
				GENERATE_INFOPLIST_FILE = YES;
				INFOPLIST_FILE = GuessMyNumber/Info.plist;
				INFOPLIST_KEY_UIApplicationSupportsIndirectInputEvents = YES;
				INFOPLIST_KEY_UILaunchStoryboardName = LaunchScreen;
				INFOPLIST_KEY_UIMainStoryboardFile = Main;
				INFOPLIST_KEY_UISupportedInterfaceOrientations_iPad = "UIInterfaceOrientationPortrait UIInterfaceOrientationPortraitUpsideDown UIInterfaceOrientationLandscapeLeft UIInterfaceOrientationLandscapeRight";
				INFOPLIST_KEY_UISupportedInterfaceOrientations_iPhone = "UIInterfaceOrientationPortrait UIInterfaceOrientationLandscapeLeft UIInterfaceOrientationLandscapeRight";
				LD_RUNPATH_SEARCH_PATHS = (
					"$(inherited)",
					"@executable_path/Frameworks",
				);
				MARKETING_VERSION = 1.0;
				PRODUCT_BUNDLE_IDENTIFIER = com.fouttyappdevelopment.GuessMyNumber;
				PRODUCT_NAME = "$(TARGET_NAME)";
				SWIFT_EMIT_LOC_STRINGS = YES;
				SWIFT_VERSION = 5.0;
				TARGETED_DEVICE_FAMILY = "1,2";
			};
			name = Debug;
		};
		EB40BCE92A0A9B7200EF1D3F /* Release */ = {
			isa = XCBuildConfiguration;
			buildSettings = {
				ASSETCATALOG_COMPILER_APPICON_NAME = AppIcon;
				ASSETCATALOG_COMPILER_GLOBAL_ACCENT_COLOR_NAME = AccentColor;
				CODE_SIGN_STYLE = Automatic;
				CURRENT_PROJECT_VERSION = 1;
				DEVELOPMENT_TEAM = UG5BZ46HRW;
				GENERATE_INFOPLIST_FILE = YES;
				INFOPLIST_FILE = GuessMyNumber/Info.plist;
				INFOPLIST_KEY_UIApplicationSupportsIndirectInputEvents = YES;
				INFOPLIST_KEY_UILaunchStoryboardName = LaunchScreen;
				INFOPLIST_KEY_UIMainStoryboardFile = Main;
				INFOPLIST_KEY_UISupportedInterfaceOrientations_iPad = "UIInterfaceOrientationPortrait UIInterfaceOrientationPortraitUpsideDown UIInterfaceOrientationLandscapeLeft UIInterfaceOrientationLandscapeRight";
				INFOPLIST_KEY_UISupportedInterfaceOrientations_iPhone = "UIInterfaceOrientationPortrait UIInterfaceOrientationLandscapeLeft UIInterfaceOrientationLandscapeRight";
				LD_RUNPATH_SEARCH_PATHS = (
					"$(inherited)",
					"@executable_path/Frameworks",
				);
				MARKETING_VERSION = 1.0;
				PRODUCT_BUNDLE_IDENTIFIER = com.fouttyappdevelopment.GuessMyNumber;
				PRODUCT_NAME = "$(TARGET_NAME)";
				SWIFT_EMIT_LOC_STRINGS = YES;
				SWIFT_VERSION = 5.0;
				TARGETED_DEVICE_FAMILY = "1,2";
			};
			name = Release;
		};
/* End XCBuildConfiguration section */

/* Begin XCConfigurationList section */
		EB40BCCE2A0A9B7000EF1D3F /* Build configuration list for PBXProject "GuessMyNumber" */ = {
			isa = XCConfigurationList;
			buildConfigurations = (
				EB40BCE52A0A9B7200EF1D3F /* Debug */,
				EB40BCE62A0A9B7200EF1D3F /* Release */,
			);
			defaultConfigurationIsVisible = 0;
			defaultConfigurationName = Release;
		};
		EB40BCE72A0A9B7200EF1D3F /* Build configuration list for PBXNativeTarget "GuessMyNumber" */ = {
			isa = XCConfigurationList;
			buildConfigurations = (
				EB40BCE82A0A9B7200EF1D3F /* Debug */,
				EB40BCE92A0A9B7200EF1D3F /* Release */,
			);
			defaultConfigurationIsVisible = 0;
			defaultConfigurationName = Release;
		};
/* End XCConfigurationList section */
	};
	rootObject = EB40BCCB2A0A9B7000EF1D3F /* Project object */;
}
